Microsoft Visual Studio Solution File, Format Version 12.00
# Visual Studio Version 17
VisualStudioVersion = 17.2.32616.157
MinimumVisualStudioVersion = 10.0.40219.1
Project("{2150E333-8FDC-42A3-9474-1A3956D46DE8}") = "Castle Build", "Castle Build", "{31144CF9-AFCB-4A8C-80A7-3A834D6AAFE2}"
	ProjectSection(SolutionItems) = preProject
		.editorconfig = .editorconfig
		.gitattributes = .gitattributes
		.gitignore = .gitignore
		appveyor.yml = appveyor.yml
		build.cmd = build.cmd
		buildscripts\build.cmd = buildscripts\build.cmd
		build.sh = build.sh
		BuildPackages.cmd = BuildPackages.cmd
		buildscripts\BuildPackages.cmd = buildscripts\BuildPackages.cmd
		CHANGELOG.md = CHANGELOG.md
		CleanPackages.cmd = CleanPackages.cmd
		buildscripts\common.props = buildscripts\common.props
		buildscripts\CommonAssemblyInfo.cs = buildscripts\CommonAssemblyInfo.cs
		CONTRIBUTING.md = CONTRIBUTING.md
		LICENSE = LICENSE
		README.md = README.md
	EndProjectSection
EndProject
Project("{2150E333-8FDC-42A3-9474-1A3956D46DE8}") = "GitHub Actions", "GitHub Actions", "{47F2F74D-7773-450C-B6E7-2D3B7C8814A8}"
	ProjectSection(SolutionItems) = preProject
		.github\workflows\build.yml = .github\workflows\build.yml
	EndProjectSection
EndProject
Project("{9A19103F-16F7-4668-BE54-9A1E7A4F7556}") = "Castle.Facilities.NHibernateIntegration", "src\Castle.Facilities.NHibernateIntegration\Castle.Facilities.NHibernateIntegration.csproj", "{5E3FDB17-A6C1-4FA2-8834-17AA672746D5}"
EndProject
Project("{9A19103F-16F7-4668-BE54-9A1E7A4F7556}") = "Castle.Facilities.NHibernateIntegration.Tests", "src\Castle.Facilities.NHibernateIntegration.Tests\Castle.Facilities.NHibernateIntegration.Tests.csproj", "{1D68E0C9-FFC1-4271-8194-1AD17C318433}"
EndProject
Global
	GlobalSection(SolutionConfigurationPlatforms) = preSolution
		Debug|Any CPU = Debug|Any CPU
		Release|Any CPU = Release|Any CPU
	EndGlobalSection
	GlobalSection(ProjectConfigurationPlatforms) = postSolution
		{5E3FDB17-A6C1-4FA2-8834-17AA672746D5}.Debug|Any CPU.ActiveCfg = Debug|Any CPU
		{5E3FDB17-A6C1-4FA2-8834-17AA672746D5}.Debug|Any CPU.Build.0 = Debug|Any CPU
		{5E3FDB17-A6C1-4FA2-8834-17AA672746D5}.Release|Any CPU.ActiveCfg = Release|Any CPU
		{5E3FDB17-A6C1-4FA2-8834-17AA672746D5}.Release|Any CPU.Build.0 = Release|Any CPU
		{1D68E0C9-FFC1-4271-8194-1AD17C318433}.Debug|Any CPU.ActiveCfg = Debug|Any CPU
		{1D68E0C9-FFC1-4271-8194-1AD17C318433}.Debug|Any CPU.Build.0 = Debug|Any CPU
		{1D68E0C9-FFC1-4271-8194-1AD17C318433}.Release|Any CPU.ActiveCfg = Release|Any CPU
		{1D68E0C9-FFC1-4271-8194-1AD17C318433}.Release|Any CPU.Build.0 = Release|Any CPU
	EndGlobalSection
	GlobalSection(SolutionProperties) = preSolution
		HideSolutionNode = FALSE
	EndGlobalSection
	GlobalSection(NestedProjects) = preSolution
		{47F2F74D-7773-450C-B6E7-2D3B7C8814A8} = {31144CF9-AFCB-4A8C-80A7-3A834D6AAFE2}
	EndGlobalSection
	GlobalSection(ExtensibilityGlobals) = postSolution
		SolutionGuid = {A4EC0140-6DD7-4D6D-8F91-38F891D8DC44}
	EndGlobalSection
EndGlobal
