Microsoft Visual Studio Solution File, Format Version 12.00
# Visual Studio Version 16
VisualStudioVersion = 16.0.28803.352
MinimumVisualStudioVersion = 10.0.40219.1
Project("{2150E333-8FDC-42A3-9474-1A3956D46DE8}") = "Castle Build", "Castle Build", "{7E507A42-984B-470D-8A0C-648B9AF8E1DC}"
	ProjectSection(SolutionItems) = preProject
		.gitattributes = .gitattributes
		.gitignore = .gitignore
		appveyor.yml = appveyor.yml
		build.cmd = build.cmd
		BuildPackages.cmd = BuildPackages.cmd
		CHANGELOG.md = CHANGELOG.md
		CONTRIBUTING.md = CONTRIBUTING.md
		LICENSE = LICENSE
		README.md = README.md
	EndProjectSection
EndProject
Project("{9A19103F-16F7-4668-BE54-9A1E7A4F7556}") = "Castle.Facilities.NHibernateIntegration", "src\Castle.Facilities.NHibernateIntegration\Castle.Facilities.NHibernateIntegration.csproj", "{BD34B69B-47CF-44C1-9CC0-B028833437C9}"
EndProject
Project("{9A19103F-16F7-4668-BE54-9A1E7A4F7556}") = "Castle.Facilities.NHibernateIntegration.Tests", "src\Castle.Facilities.NHibernateIntegration.Tests\Castle.Facilities.NHibernateIntegration.Tests.csproj", "{42590326-8064-4EAC-ABF2-A2A4D1127653}"
EndProject
Global
	GlobalSection(SolutionConfigurationPlatforms) = preSolution
		Debug|Any CPU = Debug|Any CPU
		Release|Any CPU = Release|Any CPU
	EndGlobalSection
	GlobalSection(ProjectConfigurationPlatforms) = postSolution
		{BD34B69B-47CF-44C1-9CC0-B028833437C9}.Debug|Any CPU.ActiveCfg = Debug|Any CPU
		{BD34B69B-47CF-44C1-9CC0-B028833437C9}.Debug|Any CPU.Build.0 = Debug|Any CPU
		{BD34B69B-47CF-44C1-9CC0-B028833437C9}.Release|Any CPU.ActiveCfg = Release|Any CPU
		{BD34B69B-47CF-44C1-9CC0-B028833437C9}.Release|Any CPU.Build.0 = Release|Any CPU
		{42590326-8064-4EAC-ABF2-A2A4D1127653}.Debug|Any CPU.ActiveCfg = Debug|Any CPU
		{42590326-8064-4EAC-ABF2-A2A4D1127653}.Debug|Any CPU.Build.0 = Debug|Any CPU
		{42590326-8064-4EAC-ABF2-A2A4D1127653}.Release|Any CPU.ActiveCfg = Release|Any CPU
		{42590326-8064-4EAC-ABF2-A2A4D1127653}.Release|Any CPU.Build.0 = Release|Any CPU
	EndGlobalSection
	GlobalSection(SolutionProperties) = preSolution
		HideSolutionNode = FALSE
	EndGlobalSection
	GlobalSection(ExtensibilityGlobals) = postSolution
		SolutionGuid = {6848FFAB-1C3C-4E95-9AAA-7D0EE910DC3E}
	EndGlobalSection
EndGlobal
